// !$*UTF8*$!
{
	archiveVersion = 1;
	classes = {
	};
	objectVersion = 77;
	objects = {

/* Begin PBXContainerItemProxy section */
		C01EE4592CF0DFF30071C39D /* PBXContainerItemProxy */ = {
			isa = PBXContainerItemProxy;
			containerPortal = C01EE43A2CF0DFF10071C39D /* Project object */;
			proxyType = 1;
			remoteGlobalIDString = C01EE4412CF0DFF10071C39D;
			remoteInfo = Tdd;
		};
		C01EE4632CF0DFF30071C39D /* PBXContainerItemProxy */ = {
			isa = PBXContainerItemProxy;
			containerPortal = C01EE43A2CF0DFF10071C39D /* Project object */;
			proxyType = 1;
			remoteGlobalIDString = C01EE4412CF0DFF10071C39D;
			remoteInfo = Tdd;
		};
/* End PBXContainerItemProxy section */

/* Begin PBXFileReference section */
		C01EE4422CF0DFF10071C39D /* Tdd.app */ = {isa = PBXFileReference; explicitFileType = wrapper.application; includeInIndex = 0; path = Tdd.app; sourceTree = BUILT_PRODUCTS_DIR; };
		C01EE4582CF0DFF30071C39D /* TddTests.xctest */ = {isa = PBXFileReference; explicitFileType = wrapper.cfbundle; includeInIndex = 0; path = TddTests.xctest; sourceTree = BUILT_PRODUCTS_DIR; };
		C01EE4622CF0DFF30071C39D /* TddUITests.xctest */ = {isa = PBXFileReference; explicitFileType = wrapper.cfbundle; includeInIndex = 0; path = TddUITests.xctest; sourceTree = BUILT_PRODUCTS_DIR; };
/* End PBXFileReference section */

/* Begin PBXFileSystemSynchronizedBuildFileExceptionSet section */
		C01EE46A2CF0DFF30071C39D /* Exceptions for "Tdd" folder in "Tdd" target */ = {
			isa = PBXFileSystemSynchronizedBuildFileExceptionSet;
			membershipExceptions = (
				Info.plist,
			);
			target = C01EE4412CF0DFF10071C39D /* Tdd */;
		};
/* End PBXFileSystemSynchronizedBuildFileExceptionSet section */

/* Begin PBXFileSystemSynchronizedRootGroup section */
		C01EE4442CF0DFF10071C39D /* Tdd */ = {
			isa = PBXFileSystemSynchronizedRootGroup;
			exceptions = (
				C01EE46A2CF0DFF30071C39D /* Exceptions for "Tdd" folder in "Tdd" target */,
			);
			path = Tdd;
			sourceTree = "<group>";
		};
		C01EE45B2CF0DFF30071C39D /* TddTests */ = {
			isa = PBXFileSystemSynchronizedRootGroup;
			path = TddTests;
			sourceTree = "<group>";
		};
		C01EE4652CF0DFF30071C39D /* TddUITests */ = {
			isa = PBXFileSystemSynchronizedRootGroup;
			path = TddUITests;
			sourceTree = "<group>";
		};
/* End PBXFileSystemSynchronizedRootGroup section */

/* Begin PBXFrameworksBuildPhase section */
		C01EE43F2CF0DFF10071C39D /* Frameworks */ = {
			isa = PBXFrameworksBuildPhase;
			buildActionMask = 2147483647;
			files = (
			);
			runOnlyForDeploymentPostprocessing = 0;
		};
		C01EE4552CF0DFF30071C39D /* Frameworks */ = {
			isa = PBXFrameworksBuildPhase;
			buildActionMask = 2147483647;
			files = (
			);
			runOnlyForDeploymentPostprocessing = 0;
		};
		C01EE45F2CF0DFF30071C39D /* Frameworks */ = {
			isa = PBXFrameworksBuildPhase;
			buildActionMask = 2147483647;
			files = (
			);
			runOnlyForDeploymentPostprocessing = 0;
		};
/* End PBXFrameworksBuildPhase section */

/* Begin PBXGroup section */
		C01EE4392CF0DFF10071C39D = {
			isa = PBXGroup;
			children = (
				C01EE4442CF0DFF10071C39D /* Tdd */,
				C01EE45B2CF0DFF30071C39D /* TddTests */,
				C01EE4652CF0DFF30071C39D /* TddUITests */,
				C01EE4432CF0DFF10071C39D /* Products */,
			);
			sourceTree = "<group>";
		};
		C01EE4432CF0DFF10071C39D /* Products */ = {
			isa = PBXGroup;
			children = (
				C01EE4422CF0DFF10071C39D /* Tdd.app */,
				C01EE4582CF0DFF30071C39D /* TddTests.xctest */,
				C01EE4622CF0DFF30071C39D /* TddUITests.xctest */,
			);
			name = Products;
			sourceTree = "<group>";
		};
/* End PBXGroup section */

/* Begin PBXNativeTarget section */
		C01EE4412CF0DFF10071C39D /* Tdd */ = {
			isa = PBXNativeTarget;
			buildConfigurationList = C01EE46B2CF0DFF30071C39D /* Build configuration list for PBXNativeTarget "Tdd" */;
			buildPhases = (
				C01EE43E2CF0DFF10071C39D /* Sources */,
				C01EE43F2CF0DFF10071C39D /* Frameworks */,
				C01EE4402CF0DFF10071C39D /* Resources */,
			);
			buildRules = (
			);
			dependencies = (
			);
			fileSystemSynchronizedGroups = (
				C01EE4442CF0DFF10071C39D /* Tdd */,
			);
			name = Tdd;
			packageProductDependencies = (
			);
			productName = Tdd;
			productReference = C01EE4422CF0DFF10071C39D /* Tdd.app */;
			productType = "com.apple.product-type.application";
		};
		C01EE4572CF0DFF30071C39D /* TddTests */ = {
			isa = PBXNativeTarget;
			buildConfigurationList = C01EE4702CF0DFF30071C39D /* Build configuration list for PBXNativeTarget "TddTests" */;
			buildPhases = (
				C01EE4542CF0DFF30071C39D /* Sources */,
				C01EE4552CF0DFF30071C39D /* Frameworks */,
				C01EE4562CF0DFF30071C39D /* Resources */,
			);
			buildRules = (
			);
			dependencies = (
				C01EE45A2CF0DFF30071C39D /* PBXTargetDependency */,
			);
			fileSystemSynchronizedGroups = (
				C01EE45B2CF0DFF30071C39D /* TddTests */,
			);
			name = TddTests;
			packageProductDependencies = (
			);
			productName = TddTests;
			productReference = C01EE4582CF0DFF30071C39D /* TddTests.xctest */;
			productType = "com.apple.product-type.bundle.unit-test";
		};
		C01EE4612CF0DFF30071C39D /* TddUITests */ = {
			isa = PBXNativeTarget;
			buildConfigurationList = C01EE4732CF0DFF30071C39D /* Build configuration list for PBXNativeTarget "TddUITests" */;
			buildPhases = (
				C01EE45E2CF0DFF30071C39D /* Sources */,
				C01EE45F2CF0DFF30071C39D /* Frameworks */,
				C01EE4602CF0DFF30071C39D /* Resources */,
			);
			buildRules = (
			);
			dependencies = (
				C01EE4642CF0DFF30071C39D /* PBXTargetDependency */,
			);
			fileSystemSynchronizedGroups = (
				C01EE4652CF0DFF30071C39D /* TddUITests */,
			);
			name = TddUITests;
			packageProductDependencies = (
			);
			productName = TddUITests;
			productReference = C01EE4622CF0DFF30071C39D /* TddUITests.xctest */;
			productType = "com.apple.product-type.bundle.ui-testing";
		};
/* End PBXNativeTarget section */

/* Begin PBXProject section */
		C01EE43A2CF0DFF10071C39D /* Project object */ = {
			isa = PBXProject;
			attributes = {
				BuildIndependentTargetsInParallel = 1;
				LastSwiftUpdateCheck = 1610;
				LastUpgradeCheck = 1610;
				TargetAttributes = {
					C01EE4412CF0DFF10071C39D = {
						CreatedOnToolsVersion = 16.1;
					};
					C01EE4572CF0DFF30071C39D = {
						CreatedOnToolsVersion = 16.1;
						TestTargetID = C01EE4412CF0DFF10071C39D;
					};
					C01EE4612CF0DFF30071C39D = {
						CreatedOnToolsVersion = 16.1;
						TestTargetID = C01EE4412CF0DFF10071C39D;
					};
				};
			};
			buildConfigurationList = C01EE43D2CF0DFF10071C39D /* Build configuration list for PBXProject "Tdd" */;
			developmentRegion = en;
			hasScannedForEncodings = 0;
			knownRegions = (
				en,
				Base,
			);
			mainGroup = C01EE4392CF0DFF10071C39D;
			minimizedProjectReferenceProxies = 1;
			preferredProjectObjectVersion = 77;
			productRefGroup = C01EE4432CF0DFF10071C39D /* Products */;
			projectDirPath = "";
			projectRoot = "";
			targets = (
				C01EE4412CF0DFF10071C39D /* Tdd */,
				C01EE4572CF0DFF30071C39D /* TddTests */,
				C01EE4612CF0DFF30071C39D /* TddUITests */,
			);
		};
/* End PBXProject section */

/* Begin PBXResourcesBuildPhase section */
		C01EE4402CF0DFF10071C39D /* Resources */ = {
			isa = PBXResourcesBuildPhase;
			buildActionMask = 2147483647;
			files = (
			);
			runOnlyForDeploymentPostprocessing = 0;
		};
		C01EE4562CF0DFF30071C39D /* Resources */ = {
			isa = PBXResourcesBuildPhase;
			buildActionMask = 2147483647;
			files = (
			);
			runOnlyForDeploymentPostprocessing = 0;
		};
		C01EE4602CF0DFF30071C39D /* Resources */ = {
			isa = PBXResourcesBuildPhase;
			buildActionMask = 2147483647;
			files = (
			);
			runOnlyForDeploymentPostprocessing = 0;
		};
/* End PBXResourcesBuildPhase section */

/* Begin PBXSourcesBuildPhase section */
		C01EE43E2CF0DFF10071C39D /* Sources */ = {
			isa = PBXSourcesBuildPhase;
			buildActionMask = 2147483647;
			files = (
			);
			runOnlyForDeploymentPostprocessing = 0;
		};
		C01EE4542CF0DFF30071C39D /* Sources */ = {
			isa = PBXSourcesBuildPhase;
			buildActionMask = 2147483647;
			files = (
			);
			runOnlyForDeploymentPostprocessing = 0;
		};
		C01EE45E2CF0DFF30071C39D /* Sources */ = {
			isa = PBXSourcesBuildPhase;
			buildActionMask = 2147483647;
			files = (
			);
			runOnlyForDeploymentPostprocessing = 0;
		};
/* End PBXSourcesBuildPhase section */

/* Begin PBXTargetDependency section */
		C01EE45A2CF0DFF30071C39D /* PBXTargetDependency */ = {
			isa = PBXTargetDependency;
			target = C01EE4412CF0DFF10071C39D /* Tdd */;
			targetProxy = C01EE4592CF0DFF30071C39D /* PBXContainerItemProxy */;
		};
		C01EE4642CF0DFF30071C39D /* PBXTargetDependency */ = {
			isa = PBXTargetDependency;
			target = C01EE4412CF0DFF10071C39D /* Tdd */;
			targetProxy = C01EE4632CF0DFF30071C39D /* PBXContainerItemProxy */;
		};
/* End PBXTargetDependency section */

/* Begin XCBuildConfiguration section */
		C01EE46C2CF0DFF30071C39D /* Debug */ = {
			isa = XCBuildConfiguration;
			buildSettings = {
				ASSETCATALOG_COMPILER_APPICON_NAME = AppIcon;
				ASSETCATALOG_COMPILER_GLOBAL_ACCENT_COLOR_NAME = AccentColor;
				CODE_SIGN_STYLE = Automatic;
				CURRENT_PROJECT_VERSION = 1;
				GENERATE_INFOPLIST_FILE = YES;
				INFOPLIST_FILE = Tdd/Info.plist;
				INFOPLIST_KEY_UIApplicationSupportsIndirectInputEvents = YES;
				INFOPLIST_KEY_UILaunchStoryboardName = LaunchScreen;
				INFOPLIST_KEY_UIMainStoryboardFile = Main;
				INFOPLIST_KEY_UISupportedInterfaceOrientations_iPad = "UIInterfaceOrientationPortrait UIInterfaceOrientationPortraitUpsideDown UIInterfaceOrientationLandscapeLeft UIInterfaceOrientationLandscapeRight";
				INFOPLIST_KEY_UISupportedInterfaceOrientations_iPhone = "UIInterfaceOrientationPortrait UIInterfaceOrientationLandscapeLeft UIInterfaceOrientationLandscapeRight";
				LD_RUNPATH_SEARCH_PATHS = (
					"$(inherited)",
					"@executable_path/Frameworks",
				);
				MARKETING_VERSION = 1.0;
				PRODUCT_BUNDLE_IDENTIFIER = com.shobhakar.us.development.Tdd;
				PRODUCT_NAME = "$(TARGET_NAME)";
				SWIFT_EMIT_LOC_STRINGS = YES;
				SWIFT_VERSION = 5.0;
				TARGETED_DEVICE_FAMILY = "1,2";
			};
			name = Debug;
		};
		C01EE46D2CF0DFF30071C39D /* Release */ = {
			isa = XCBuildConfiguration;
			buildSettings = {
				ASSETCATALOG_COMPILER_APPICON_NAME = AppIcon;
				ASSETCATALOG_COMPILER_GLOBAL_ACCENT_COLOR_NAME = AccentColor;
				CODE_SIGN_STYLE = Automatic;
				CURRENT_PROJECT_VERSION = 1;
				GENERATE_INFOPLIST_FILE = YES;
				INFOPLIST_FILE = Tdd/Info.plist;
				INFOPLIST_KEY_UIApplicationSupportsIndirectInputEvents = YES;
				INFOPLIST_KEY_UILaunchStoryboardName = LaunchScreen;
				INFOPLIST_KEY_UIMainStoryboardFile = Main;
				INFOPLIST_KEY_UISupportedInterfaceOrientations_iPad = "UIInterfaceOrientationPortrait UIInterfaceOrientationPortraitUpsideDown UIInterfaceOrientationLandscapeLeft UIInterfaceOrientationLandscapeRight";
				INFOPLIST_KEY_UISupportedInterfaceOrientations_iPhone = "UIInterfaceOrientationPortrait UIInterfaceOrientationLandscapeLeft UIInterfaceOrientationLandscapeRight";
				LD_RUNPATH_SEARCH_PATHS = (
					"$(inherited)",
					"@executable_path/Frameworks",
				);
				MARKETING_VERSION = 1.0;
				PRODUCT_BUNDLE_IDENTIFIER = com.shobhakar.us.development.Tdd;
				PRODUCT_NAME = "$(TARGET_NAME)";
				SWIFT_EMIT_LOC_STRINGS = YES;
				SWIFT_VERSION = 5.0;
				TARGETED_DEVICE_FAMILY = "1,2";
			};
			name = Release;
		};
		C01EE46E2CF0DFF30071C39D /* Debug */ = {
			isa = XCBuildConfiguration;
			buildSettings = {
				ALWAYS_SEARCH_USER_PATHS = NO;
				ASSETCATALOG_COMPILER_GENERATE_SWIFT_ASSET_SYMBOL_EXTENSIONS = YES;
				CLANG_ANALYZER_NONNULL = YES;
				CLANG_ANALYZER_NUMBER_OBJECT_CONVERSION = YES_AGGRESSIVE;
				CLANG_CXX_LANGUAGE_STANDARD = "gnu++20";
				CLANG_ENABLE_MODULES = YES;
				CLANG_ENABLE_OBJC_ARC = YES;
				CLANG_ENABLE_OBJC_WEAK = YES;
				CLANG_WARN_BLOCK_CAPTURE_AUTORELEASING = YES;
				CLANG_WARN_BOOL_CONVERSION = YES;
				CLANG_WARN_COMMA = YES;
				CLANG_WARN_CONSTANT_CONVERSION = YES;
				CLANG_WARN_DEPRECATED_OBJC_IMPLEMENTATIONS = YES;
				CLANG_WARN_DIRECT_OBJC_ISA_USAGE = YES_ERROR;
				CLANG_WARN_DOCUMENTATION_COMMENTS = YES;
				CLANG_WARN_EMPTY_BODY = YES;
				CLANG_WARN_ENUM_CONVERSION = YES;
				CLANG_WARN_INFINITE_RECURSION = YES;
				CLANG_WARN_INT_CONVERSION = YES;
				CLANG_WARN_NON_LITERAL_NULL_CONVERSION = YES;
				CLANG_WARN_OBJC_IMPLICIT_RETAIN_SELF = YES;
				CLANG_WARN_OBJC_LITERAL_CONVERSION = YES;
				CLANG_WARN_OBJC_ROOT_CLASS = YES_ERROR;
				CLANG_WARN_QUOTED_INCLUDE_IN_FRAMEWORK_HEADER = YES;
				CLANG_WARN_RANGE_LOOP_ANALYSIS = YES;
				CLANG_WARN_STRICT_PROTOTYPES = YES;
				CLANG_WARN_SUSPICIOUS_MOVE = YES;
				CLANG_WARN_UNGUARDED_AVAILABILITY = YES_AGGRESSIVE;
				CLANG_WARN_UNREACHABLE_CODE = YES;
				CLANG_WARN__DUPLICATE_METHOD_MATCH = YES;
				COPY_PHASE_STRIP = NO;
				DEBUG_INFORMATION_FORMAT = dwarf;
				ENABLE_STRICT_OBJC_MSGSEND = YES;
				ENABLE_TESTABILITY = YES;
				ENABLE_USER_SCRIPT_SANDBOXING = YES;
				GCC_C_LANGUAGE_STANDARD = gnu17;
				GCC_DYNAMIC_NO_PIC = NO;
				GCC_NO_COMMON_BLOCKS = YES;
				GCC_OPTIMIZATION_LEVEL = 0;
				GCC_PREPROCESSOR_DEFINITIONS = (
					"DEBUG=1",
					"$(inherited)",
				);
				GCC_WARN_64_TO_32_BIT_CONVERSION = YES;
				GCC_WARN_ABOUT_RETURN_TYPE = YES_ERROR;
				GCC_WARN_UNDECLARED_SELECTOR = YES;
				GCC_WARN_UNINITIALIZED_AUTOS = YES_AGGRESSIVE;
				GCC_WARN_UNUSED_FUNCTION = YES;
				GCC_WARN_UNUSED_VARIABLE = YES;
				IPHONEOS_DEPLOYMENT_TARGET = 18.1;
				LOCALIZATION_PREFERS_STRING_CATALOGS = YES;
				MTL_ENABLE_DEBUG_INFO = INCLUDE_SOURCE;
				MTL_FAST_MATH = YES;
				ONLY_ACTIVE_ARCH = YES;
				SDKROOT = iphoneos;
				SWIFT_ACTIVE_COMPILATION_CONDITIONS = "DEBUG $(inherited)";
				SWIFT_OPTIMIZATION_LEVEL = "-Onone";
			};
			name = Debug;
		};
		C01EE46F2CF0DFF30071C39D /* Release */ = {
			isa = XCBuildConfiguration;
			buildSettings = {
				ALWAYS_SEARCH_USER_PATHS = NO;
				ASSETCATALOG_COMPILER_GENERATE_SWIFT_ASSET_SYMBOL_EXTENSIONS = YES;
				CLANG_ANALYZER_NONNULL = YES;
				CLANG_ANALYZER_NUMBER_OBJECT_CONVERSION = YES_AGGRESSIVE;
				CLANG_CXX_LANGUAGE_STANDARD = "gnu++20";
				CLANG_ENABLE_MODULES = YES;
				CLANG_ENABLE_OBJC_ARC = YES;
				CLANG_ENABLE_OBJC_WEAK = YES;
				CLANG_WARN_BLOCK_CAPTURE_AUTORELEASING = YES;
				CLANG_WARN_BOOL_CONVERSION = YES;
				CLANG_WARN_COMMA = YES;
				CLANG_WARN_CONSTANT_CONVERSION = YES;
				CLANG_WARN_DEPRECATED_OBJC_IMPLEMENTATIONS = YES;
				CLANG_WARN_DIRECT_OBJC_ISA_USAGE = YES_ERROR;
				CLANG_WARN_DOCUMENTATION_COMMENTS = YES;
				CLANG_WARN_EMPTY_BODY = YES;
				CLANG_WARN_ENUM_CONVERSION = YES;
				CLANG_WARN_INFINITE_RECURSION = YES;
				CLANG_WARN_INT_CONVERSION = YES;
				CLANG_WARN_NON_LITERAL_NULL_CONVERSION = YES;
				CLANG_WARN_OBJC_IMPLICIT_RETAIN_SELF = YES;
				CLANG_WARN_OBJC_LITERAL_CONVERSION = YES;
				CLANG_WARN_OBJC_ROOT_CLASS = YES_ERROR;
				CLANG_WARN_QUOTED_INCLUDE_IN_FRAMEWORK_HEADER = YES;
				CLANG_WARN_RANGE_LOOP_ANALYSIS = YES;
				CLANG_WARN_STRICT_PROTOTYPES = YES;
				CLANG_WARN_SUSPICIOUS_MOVE = YES;
				CLANG_WARN_UNGUARDED_AVAILABILITY = YES_AGGRESSIVE;
				CLANG_WARN_UNREACHABLE_CODE = YES;
				CLANG_WARN__DUPLICATE_METHOD_MATCH = YES;
				COPY_PHASE_STRIP = NO;
				DEBUG_INFORMATION_FORMAT = "dwarf-with-dsym";
				ENABLE_NS_ASSERTIONS = NO;
				ENABLE_STRICT_OBJC_MSGSEND = YES;
				ENABLE_USER_SCRIPT_SANDBOXING = YES;
				GCC_C_LANGUAGE_STANDARD = gnu17;
				GCC_NO_COMMON_BLOCKS = YES;
				GCC_WARN_64_TO_32_BIT_CONVERSION = YES;
				GCC_WARN_ABOUT_RETURN_TYPE = YES_ERROR;
				GCC_WARN_UNDECLARED_SELECTOR = YES;
				GCC_WARN_UNINITIALIZED_AUTOS = YES_AGGRESSIVE;
				GCC_WARN_UNUSED_FUNCTION = YES;
				GCC_WARN_UNUSED_VARIABLE = YES;
				IPHONEOS_DEPLOYMENT_TARGET = 18.1;
				LOCALIZATION_PREFERS_STRING_CATALOGS = YES;
				MTL_ENABLE_DEBUG_INFO = NO;
				MTL_FAST_MATH = YES;
				SDKROOT = iphoneos;
				SWIFT_COMPILATION_MODE = wholemodule;
				VALIDATE_PRODUCT = YES;
			};
			name = Release;
		};
		C01EE4712CF0DFF30071C39D /* Debug */ = {
			isa = XCBuildConfiguration;
			buildSettings = {
				BUNDLE_LOADER = "$(TEST_HOST)";
				CODE_SIGN_STYLE = Automatic;
				CURRENT_PROJECT_VERSION = 1;
				GENERATE_INFOPLIST_FILE = YES;
				IPHONEOS_DEPLOYMENT_TARGET = 18.1;
				MARKETING_VERSION = 1.0;
				PRODUCT_BUNDLE_IDENTIFIER = com.shobhakar.us.development.TddTests;
				PRODUCT_NAME = "$(TARGET_NAME)";
				SWIFT_EMIT_LOC_STRINGS = NO;
				SWIFT_VERSION = 5.0;
				TARGETED_DEVICE_FAMILY = "1,2";
				TEST_HOST = "$(BUILT_PRODUCTS_DIR)/Tdd.app/$(BUNDLE_EXECUTABLE_FOLDER_PATH)/Tdd";
			};
			name = Debug;
		};
		C01EE4722CF0DFF30071C39D /* Release */ = {
			isa = XCBuildConfiguration;
			buildSettings = {
				BUNDLE_LOADER = "$(TEST_HOST)";
				CODE_SIGN_STYLE = Automatic;
				CURRENT_PROJECT_VERSION = 1;
				GENERATE_INFOPLIST_FILE = YES;
				IPHONEOS_DEPLOYMENT_TARGET = 18.1;
				MARKETING_VERSION = 1.0;
				PRODUCT_BUNDLE_IDENTIFIER = com.shobhakar.us.development.TddTests;
				PRODUCT_NAME = "$(TARGET_NAME)";
				SWIFT_EMIT_LOC_STRINGS = NO;
				SWIFT_VERSION = 5.0;
				TARGETED_DEVICE_FAMILY = "1,2";
				TEST_HOST = "$(BUILT_PRODUCTS_DIR)/Tdd.app/$(BUNDLE_EXECUTABLE_FOLDER_PATH)/Tdd";
			};
			name = Release;
		};
		C01EE4742CF0DFF30071C39D /* Debug */ = {
			isa = XCBuildConfiguration;
			buildSettings = {
				CODE_SIGN_STYLE = Automatic;
				CURRENT_PROJECT_VERSION = 1;
				GENERATE_INFOPLIST_FILE = YES;
				MARKETING_VERSION = 1.0;
				PRODUCT_BUNDLE_IDENTIFIER = com.shobhakar.us.development.TddUITests;
				PRODUCT_NAME = "$(TARGET_NAME)";
				SWIFT_EMIT_LOC_STRINGS = NO;
				SWIFT_VERSION = 5.0;
				TARGETED_DEVICE_FAMILY = "1,2";
				TEST_TARGET_NAME = Tdd;
			};
			name = Debug;
		};
		C01EE4752CF0DFF30071C39D /* Release */ = {
			isa = XCBuildConfiguration;
			buildSettings = {
				CODE_SIGN_STYLE = Automatic;
				CURRENT_PROJECT_VERSION = 1;
				GENERATE_INFOPLIST_FILE = YES;
				MARKETING_VERSION = 1.0;
				PRODUCT_BUNDLE_IDENTIFIER = com.shobhakar.us.development.TddUITests;
				PRODUCT_NAME = "$(TARGET_NAME)";
				SWIFT_EMIT_LOC_STRINGS = NO;
				SWIFT_VERSION = 5.0;
				TARGETED_DEVICE_FAMILY = "1,2";
				TEST_TARGET_NAME = Tdd;
			};
			name = Release;
		};
/* End XCBuildConfiguration section */

/* Begin XCConfigurationList section */
		C01EE43D2CF0DFF10071C39D /* Build configuration list for PBXProject "Tdd" */ = {
			isa = XCConfigurationList;
			buildConfigurations = (
				C01EE46E2CF0DFF30071C39D /* Debug */,
				C01EE46F2CF0DFF30071C39D /* Release */,
			);
			defaultConfigurationIsVisible = 0;
			defaultConfigurationName = Release;
		};
		C01EE46B2CF0DFF30071C39D /* Build configuration list for PBXNativeTarget "Tdd" */ = {
			isa = XCConfigurationList;
			buildConfigurations = (
				C01EE46C2CF0DFF30071C39D /* Debug */,
				C01EE46D2CF0DFF30071C39D /* Release */,
			);
			defaultConfigurationIsVisible = 0;
			defaultConfigurationName = Release;
		};
		C01EE4702CF0DFF30071C39D /* Build configuration list for PBXNativeTarget "TddTests" */ = {
			isa = XCConfigurationList;
			buildConfigurations = (
				C01EE4712CF0DFF30071C39D /* Debug */,
				C01EE4722CF0DFF30071C39D /* Release */,
			);
			defaultConfigurationIsVisible = 0;
			defaultConfigurationName = Release;
		};
		C01EE4732CF0DFF30071C39D /* Build configuration list for PBXNativeTarget "TddUITests" */ = {
			isa = XCConfigurationList;
			buildConfigurations = (
				C01EE4742CF0DFF30071C39D /* Debug */,
				C01EE4752CF0DFF30071C39D /* Release */,
			);
			defaultConfigurationIsVisible = 0;
			defaultConfigurationName = Release;
		};
/* End XCConfigurationList section */
	};
	rootObject = C01EE43A2CF0DFF10071C39D /* Project object */;
}
